
Microsoft Visual Studio Solution File, Format Version 12.00
# Visual Studio 15
VisualStudioVersion = 15.0.27130.2027
MinimumVisualStudioVersion = 10.0.40219.1
Project("{8BC9CEB8-8B4A-11D0-8D11-00A0C91BC942}") = "kommivoyachor2", "kommivoyachor2\kommivoyachor2.vcxproj", "{CC6A1389-4BCD-4E9F-8249-5A0AB38C3BB5}"
EndProject
Global
	GlobalSection(SolutionConfigurationPlatforms) = preSolution
		Debug|x64 = Debug|x64
		Debug|x86 = Debug|x86
		Release|x64 = Release|x64
		Release|x86 = Release|x86
	EndGlobalSection
	GlobalSection(ProjectConfigurationPlatforms) = postSolution
		{CC6A1389-4BCD-4E9F-8249-5A0AB38C3BB5}.Debug|x64.ActiveCfg = Debug|x64
		{CC6A1389-4BCD-4E9F-8249-5A0AB38C3BB5}.Debug|x64.Build.0 = Debug|x64
		{CC6A1389-4BCD-4E9F-8249-5A0AB38C3BB5}.Debug|x86.ActiveCfg = Debug|Win32
		{CC6A1389-4BCD-4E9F-8249-5A0AB38C3BB5}.Debug|x86.Build.0 = Debug|Win32
		{CC6A1389-4BCD-4E9F-8249-5A0AB38C3BB5}.Release|x64.ActiveCfg = Release|x64
		{CC6A1389-4BCD-4E9F-8249-5A0AB38C3BB5}.Release|x64.Build.0 = Release|x64
		{CC6A1389-4BCD-4E9F-8249-5A0AB38C3BB5}.Release|x86.ActiveCfg = Release|Win32
		{CC6A1389-4BCD-4E9F-8249-5A0AB38C3BB5}.Release|x86.Build.0 = Release|Win32
	EndGlobalSection
	GlobalSection(SolutionProperties) = preSolution
		HideSolutionNode = FALSE
	EndGlobalSection
	GlobalSection(ExtensibilityGlobals) = postSolution
		SolutionGuid = {56159E15-8608-4EB0-AC85-D18F5853D183}
	EndGlobalSection
EndGlobal
